
Microsoft Visual Studio Solution File, Format Version 12.00
# Visual Studio Version 17
VisualStudioVersion = 17.14.36511.14 d17.14
MinimumVisualStudioVersion = 10.0.40219.1
Project("{FAE04EC0-301F-11D3-BF4B-00C04F79EFBC}") = "EjerciciosPractica", "EjerciciosPractica\EjerciciosPractica.csproj", "{6D3CF962-8298-4786-9305-44D1F71B1F4F}"
EndProject
Project("{FAE04EC0-301F-11D3-BF4B-00C04F79EFBC}") = "Ejercicio1", "Ejercicio1\Ejercicio1.csproj", "{9CF801FE-9E8E-48BE-97D1-BE87C611E3CD}"
EndProject
Project("{FAE04EC0-301F-11D3-BF4B-00C04F79EFBC}") = "Ejercicio2", "Ejercicio2\Ejercicio2.csproj", "{B57805CD-A9EB-49AD-9996-BD56EADC7992}"
EndProject
Project("{FAE04EC0-301F-11D3-BF4B-00C04F79EFBC}") = "Ejercicio3", "Ejercicio3\Ejercicio3.csproj", "{1F2D7BB0-7100-4073-A538-E1CAB117F11E}"
EndProject
Global
	GlobalSection(SolutionConfigurationPlatforms) = preSolution
		Debug|Any CPU = Debug|Any CPU
		Release|Any CPU = Release|Any CPU
	EndGlobalSection
	GlobalSection(ProjectConfigurationPlatforms) = postSolution
		{6D3CF962-8298-4786-9305-44D1F71B1F4F}.Debug|Any CPU.ActiveCfg = Debug|Any CPU
		{6D3CF962-8298-4786-9305-44D1F71B1F4F}.Debug|Any CPU.Build.0 = Debug|Any CPU
		{6D3CF962-8298-4786-9305-44D1F71B1F4F}.Release|Any CPU.ActiveCfg = Release|Any CPU
		{6D3CF962-8298-4786-9305-44D1F71B1F4F}.Release|Any CPU.Build.0 = Release|Any CPU
		{9CF801FE-9E8E-48BE-97D1-BE87C611E3CD}.Debug|Any CPU.ActiveCfg = Debug|Any CPU
		{9CF801FE-9E8E-48BE-97D1-BE87C611E3CD}.Debug|Any CPU.Build.0 = Debug|Any CPU
		{9CF801FE-9E8E-48BE-97D1-BE87C611E3CD}.Release|Any CPU.ActiveCfg = Release|Any CPU
		{9CF801FE-9E8E-48BE-97D1-BE87C611E3CD}.Release|Any CPU.Build.0 = Release|Any CPU
		{B57805CD-A9EB-49AD-9996-BD56EADC7992}.Debug|Any CPU.ActiveCfg = Debug|Any CPU
		{B57805CD-A9EB-49AD-9996-BD56EADC7992}.Debug|Any CPU.Build.0 = Debug|Any CPU
		{B57805CD-A9EB-49AD-9996-BD56EADC7992}.Release|Any CPU.ActiveCfg = Release|Any CPU
		{B57805CD-A9EB-49AD-9996-BD56EADC7992}.Release|Any CPU.Build.0 = Release|Any CPU
		{1F2D7BB0-7100-4073-A538-E1CAB117F11E}.Debug|Any CPU.ActiveCfg = Debug|Any CPU
		{1F2D7BB0-7100-4073-A538-E1CAB117F11E}.Debug|Any CPU.Build.0 = Debug|Any CPU
		{1F2D7BB0-7100-4073-A538-E1CAB117F11E}.Release|Any CPU.ActiveCfg = Release|Any CPU
		{1F2D7BB0-7100-4073-A538-E1CAB117F11E}.Release|Any CPU.Build.0 = Release|Any CPU
	EndGlobalSection
	GlobalSection(SolutionProperties) = preSolution
		HideSolutionNode = FALSE
	EndGlobalSection
	GlobalSection(ExtensibilityGlobals) = postSolution
		SolutionGuid = {2B1AC882-C64F-433D-9D05-2C392C23E140}
	EndGlobalSection
EndGlobal
